
Microsoft Visual Studio Solution File, Format Version 12.00
# Visual Studio Version 17
VisualStudioVersion = 17.7.34024.191
MinimumVisualStudioVersion = 10.0.40219.1
Project("{FAE04EC0-301F-11D3-BF4B-00C04F79EFBC}") = "Curudd", "Curudd\Curudd.csproj", "{8248084A-148D-41D9-BCB3-A52B98B084E6}"
EndProject
Global
	GlobalSection(SolutionConfigurationPlatforms) = preSolution
		Debug|Any CPU = Debug|Any CPU
		Release|Any CPU = Release|Any CPU
	EndGlobalSection
	GlobalSection(ProjectConfigurationPlatforms) = postSolution
		{8248084A-148D-41D9-BCB3-A52B98B084E6}.Debug|Any CPU.ActiveCfg = Debug|Any CPU
		{8248084A-148D-41D9-BCB3-A52B98B084E6}.Debug|Any CPU.Build.0 = Debug|Any CPU
		{8248084A-148D-41D9-BCB3-A52B98B084E6}.Release|Any CPU.ActiveCfg = Release|Any CPU
		{8248084A-148D-41D9-BCB3-A52B98B084E6}.Release|Any CPU.Build.0 = Release|Any CPU
	EndGlobalSection
	GlobalSection(SolutionProperties) = preSolution
		HideSolutionNode = FALSE
	EndGlobalSection
	GlobalSection(ExtensibilityGlobals) = postSolution
		SolutionGuid = {A42E6A21-2CFE-4051-BD96-F2F2CFA7DDD1}
	EndGlobalSection
EndGlobal
